// !$*UTF8*$!
{
	archiveVersion = 1;
	classes = {
	};
	objectVersion = 48;
	objects = {

/* Begin PBXBuildFile section */
		5416219C202B4F0300694D61 /* Meme.swift in Sources */ = {isa = PBXBuildFile; fileRef = 5416219B202B4F0300694D61 /* Meme.swift */; };
		5416995F203EDE0600881401 /* ShadowView.swift in Sources */ = {isa = PBXBuildFile; fileRef = 5416995E203EDE0600881401 /* ShadowView.swift */; };
		54169965203F279B00881401 /* BlurView.swift in Sources */ = {isa = PBXBuildFile; fileRef = 54169964203F279B00881401 /* BlurView.swift */; };
		54289F77201254140032A063 /* AppDelegate.swift in Sources */ = {isa = PBXBuildFile; fileRef = 54289F76201254140032A063 /* AppDelegate.swift */; };
		54289F79201254140032A063 /* MemeMainVC.swift in Sources */ = {isa = PBXBuildFile; fileRef = 54289F78201254140032A063 /* MemeMainVC.swift */; };
		54289F7C201254150032A063 /* Main.storyboard in Resources */ = {isa = PBXBuildFile; fileRef = 54289F7A201254150032A063 /* Main.storyboard */; };
		54289F7E201254150032A063 /* Assets.xcassets in Resources */ = {isa = PBXBuildFile; fileRef = 54289F7D201254150032A063 /* Assets.xcassets */; };
		54289F81201254150032A063 /* LaunchScreen.storyboard in Resources */ = {isa = PBXBuildFile; fileRef = 54289F7F201254150032A063 /* LaunchScreen.storyboard */; };
		544A68E02050BD6400451DDF /* EmptyTablePlaceholder.xib in Resources */ = {isa = PBXBuildFile; fileRef = 544A68DF2050BD6400451DDF /* EmptyTablePlaceholder.xib */; };
		5450C1E9203B958F008C519C /* RoundedImage.swift in Sources */ = {isa = PBXBuildFile; fileRef = 5450C1E8203B958F008C519C /* RoundedImage.swift */; };
		5450C1ED203E34FF008C519C /* SentMemesTVC.swift in Sources */ = {isa = PBXBuildFile; fileRef = 5450C1EC203E34FF008C519C /* SentMemesTVC.swift */; };
		54743D4F2050DECF0066659D /* MemeDetailVC.swift in Sources */ = {isa = PBXBuildFile; fileRef = 54743D4E2050DECF0066659D /* MemeDetailVC.swift */; };
		547FF5742041A5FE007BA3CE /* CornerView.swift in Sources */ = {isa = PBXBuildFile; fileRef = 547FF5732041A5FE007BA3CE /* CornerView.swift */; };
		548881C620470F6500DD0E15 /* MemeTableCell.swift in Sources */ = {isa = PBXBuildFile; fileRef = 548881C520470F6500DD0E15 /* MemeTableCell.swift */; };
		548881CA20470FB400DD0E15 /* MemeCollectionCell.swift in Sources */ = {isa = PBXBuildFile; fileRef = 548881C920470FB400DD0E15 /* MemeCollectionCell.swift */; };
		548881CC2047A1ED00DD0E15 /* Constants.swift in Sources */ = {isa = PBXBuildFile; fileRef = 548881CB2047A1ED00DD0E15 /* Constants.swift */; };
		54DE75DA2018D5AA003567AA /* FontMeme.swift in Sources */ = {isa = PBXBuildFile; fileRef = 54DE75D92018D5AA003567AA /* FontMeme.swift */; };
		54DE75DD201A29C3003567AA /* ViewKeyboardHandler.swift in Sources */ = {isa = PBXBuildFile; fileRef = 54DE75DC201A29C3003567AA /* ViewKeyboardHandler.swift */; };
		54DE75E0201B7C8F003567AA /* TextFieldDelegate.swift in Sources */ = {isa = PBXBuildFile; fileRef = 54DE75DF201B7C8F003567AA /* TextFieldDelegate.swift */; };
		54FD1E5D203E429000AB5A09 /* SentMemesCVC.swift in Sources */ = {isa = PBXBuildFile; fileRef = 54FD1E5C203E429000AB5A09 /* SentMemesCVC.swift */; };
/* End PBXBuildFile section */

/* Begin PBXFileReference section */
		5416219B202B4F0300694D61 /* Meme.swift */ = {isa = PBXFileReference; lastKnownFileType = sourcecode.swift; path = Meme.swift; sourceTree = "<group>"; };
		5416995E203EDE0600881401 /* ShadowView.swift */ = {isa = PBXFileReference; lastKnownFileType = sourcecode.swift; path = ShadowView.swift; sourceTree = "<group>"; };
		54169964203F279B00881401 /* BlurView.swift */ = {isa = PBXFileReference; lastKnownFileType = sourcecode.swift; path = BlurView.swift; sourceTree = "<group>"; };
		54289F73201254140032A063 /* ioMeme.app */ = {isa = PBXFileReference; explicitFileType = wrapper.application; includeInIndex = 0; path = ioMeme.app; sourceTree = BUILT_PRODUCTS_DIR; };
		54289F76201254140032A063 /* AppDelegate.swift */ = {isa = PBXFileReference; lastKnownFileType = sourcecode.swift; path = AppDelegate.swift; sourceTree = "<group>"; };
		54289F78201254140032A063 /* MemeMainVC.swift */ = {isa = PBXFileReference; lastKnownFileType = sourcecode.swift; path = MemeMainVC.swift; sourceTree = "<group>"; };
		54289F7B201254150032A063 /* Base */ = {isa = PBXFileReference; lastKnownFileType = file.storyboard; name = Base; path = Base.lproj/Main.storyboard; sourceTree = "<group>"; };
		54289F7D201254150032A063 /* Assets.xcassets */ = {isa = PBXFileReference; lastKnownFileType = folder.assetcatalog; path = Assets.xcassets; sourceTree = "<group>"; };
		54289F80201254150032A063 /* Base */ = {isa = PBXFileReference; lastKnownFileType = file.storyboard; name = Base; path = Base.lproj/LaunchScreen.storyboard; sourceTree = "<group>"; };
		54289F82201254150032A063 /* Info.plist */ = {isa = PBXFileReference; lastKnownFileType = text.plist.xml; path = Info.plist; sourceTree = "<group>"; };
		544A68DF2050BD6400451DDF /* EmptyTablePlaceholder.xib */ = {isa = PBXFileReference; lastKnownFileType = file.xib; path = EmptyTablePlaceholder.xib; sourceTree = "<group>"; };
		5450C1E8203B958F008C519C /* RoundedImage.swift */ = {isa = PBXFileReference; lastKnownFileType = sourcecode.swift; path = RoundedImage.swift; sourceTree = "<group>"; };
		5450C1EC203E34FF008C519C /* SentMemesTVC.swift */ = {isa = PBXFileReference; lastKnownFileType = sourcecode.swift; path = SentMemesTVC.swift; sourceTree = "<group>"; };
		54743D4E2050DECF0066659D /* MemeDetailVC.swift */ = {isa = PBXFileReference; lastKnownFileType = sourcecode.swift; path = MemeDetailVC.swift; sourceTree = "<group>"; };
		547FF5732041A5FE007BA3CE /* CornerView.swift */ = {isa = PBXFileReference; lastKnownFileType = sourcecode.swift; path = CornerView.swift; sourceTree = "<group>"; };
		548881C520470F6500DD0E15 /* MemeTableCell.swift */ = {isa = PBXFileReference; lastKnownFileType = sourcecode.swift; path = MemeTableCell.swift; sourceTree = "<group>"; };
		548881C920470FB400DD0E15 /* MemeCollectionCell.swift */ = {isa = PBXFileReference; lastKnownFileType = sourcecode.swift; path = MemeCollectionCell.swift; sourceTree = "<group>"; };
		548881CB2047A1ED00DD0E15 /* Constants.swift */ = {isa = PBXFileReference; lastKnownFileType = sourcecode.swift; path = Constants.swift; sourceTree = "<group>"; };
		54DE75D92018D5AA003567AA /* FontMeme.swift */ = {isa = PBXFileReference; lastKnownFileType = sourcecode.swift; path = FontMeme.swift; sourceTree = "<group>"; };
		54DE75DC201A29C3003567AA /* ViewKeyboardHandler.swift */ = {isa = PBXFileReference; lastKnownFileType = sourcecode.swift; path = ViewKeyboardHandler.swift; sourceTree = "<group>"; };
		54DE75DF201B7C8F003567AA /* TextFieldDelegate.swift */ = {isa = PBXFileReference; lastKnownFileType = sourcecode.swift; path = TextFieldDelegate.swift; sourceTree = "<group>"; };
		54FD1E5C203E429000AB5A09 /* SentMemesCVC.swift */ = {isa = PBXFileReference; lastKnownFileType = sourcecode.swift; path = SentMemesCVC.swift; sourceTree = "<group>"; };
/* End PBXFileReference section */

/* Begin PBXFrameworksBuildPhase section */
		54289F70201254140032A063 /* Frameworks */ = {
			isa = PBXFrameworksBuildPhase;
			buildActionMask = 2147483647;
			files = (
			);
			runOnlyForDeploymentPostprocessing = 0;
		};
/* End PBXFrameworksBuildPhase section */

/* Begin PBXGroup section */
		54289F6A201254140032A063 = {
			isa = PBXGroup;
			children = (
				54289F75201254140032A063 /* ioMeme */,
				54289F74201254140032A063 /* Products */,
			);
			sourceTree = "<group>";
		};
		54289F74201254140032A063 /* Products */ = {
			isa = PBXGroup;
			children = (
				54289F73201254140032A063 /* ioMeme.app */,
			);
			name = Products;
			sourceTree = "<group>";
		};
		54289F75201254140032A063 /* ioMeme */ = {
			isa = PBXGroup;
			children = (
				54DE75DB201A2996003567AA /* Utilities */,
				54FCE42F201636FB0018A8F1 /* Controllers */,
				54FCE42E201636F50018A8F1 /* Views */,
				54FCE42D201636DC0018A8F1 /* Models */,
				54289F76201254140032A063 /* AppDelegate.swift */,
				54289F7D201254150032A063 /* Assets.xcassets */,
				54289F82201254150032A063 /* Info.plist */,
			);
			path = ioMeme;
			sourceTree = "<group>";
		};
		544A68DE2050BD1A00451DDF /* XIBs */ = {
			isa = PBXGroup;
			children = (
				544A68DF2050BD6400451DDF /* EmptyTablePlaceholder.xib */,
			);
			path = XIBs;
			sourceTree = "<group>";
		};
		54DE75DB201A2996003567AA /* Utilities */ = {
			isa = PBXGroup;
			children = (
				54DE75DE201B7C5B003567AA /* Delegates */,
				54DE75DC201A29C3003567AA /* ViewKeyboardHandler.swift */,
				548881CB2047A1ED00DD0E15 /* Constants.swift */,
			);
			path = Utilities;
			sourceTree = "<group>";
		};
		54DE75DE201B7C5B003567AA /* Delegates */ = {
			isa = PBXGroup;
			children = (
				54DE75DF201B7C8F003567AA /* TextFieldDelegate.swift */,
			);
			path = Delegates;
			sourceTree = "<group>";
		};
		54FCE42D201636DC0018A8F1 /* Models */ = {
			isa = PBXGroup;
			children = (
				5416219B202B4F0300694D61 /* Meme.swift */,
			);
			path = Models;
			sourceTree = "<group>";
		};
		54FCE42E201636F50018A8F1 /* Views */ = {
			isa = PBXGroup;
			children = (
				544A68DE2050BD1A00451DDF /* XIBs */,
				54FCE4312016375E0018A8F1 /* Styles */,
				54FCE430201637410018A8F1 /* Storyboards */,
				548881C520470F6500DD0E15 /* MemeTableCell.swift */,
				548881C920470FB400DD0E15 /* MemeCollectionCell.swift */,
			);
			path = Views;
			sourceTree = "<group>";
		};
		54FCE42F201636FB0018A8F1 /* Controllers */ = {
			isa = PBXGroup;
			children = (
				54289F78201254140032A063 /* MemeMainVC.swift */,
				5450C1EC203E34FF008C519C /* SentMemesTVC.swift */,
				54FD1E5C203E429000AB5A09 /* SentMemesCVC.swift */,
				54743D4E2050DECF0066659D /* MemeDetailVC.swift */,
			);
			path = Controllers;
			sourceTree = "<group>";
		};
		54FCE430201637410018A8F1 /* Storyboards */ = {
			isa = PBXGroup;
			children = (
				54289F7F201254150032A063 /* LaunchScreen.storyboard */,
				54289F7A201254150032A063 /* Main.storyboard */,
			);
			path = Storyboards;
			sourceTree = "<group>";
		};
		54FCE4312016375E0018A8F1 /* Styles */ = {
			isa = PBXGroup;
			children = (
				54DE75D92018D5AA003567AA /* FontMeme.swift */,
				5450C1E8203B958F008C519C /* RoundedImage.swift */,
				5416995E203EDE0600881401 /* ShadowView.swift */,
				54169964203F279B00881401 /* BlurView.swift */,
				547FF5732041A5FE007BA3CE /* CornerView.swift */,
			);
			path = Styles;
			sourceTree = "<group>";
		};
/* End PBXGroup section */

/* Begin PBXNativeTarget section */
		54289F72201254140032A063 /* ioMeme */ = {
			isa = PBXNativeTarget;
			buildConfigurationList = 54289F85201254150032A063 /* Build configuration list for PBXNativeTarget "ioMeme" */;
			buildPhases = (
				54289F6F201254140032A063 /* Sources */,
				54289F70201254140032A063 /* Frameworks */,
				54289F71201254140032A063 /* Resources */,
			);
			buildRules = (
			);
			dependencies = (
			);
			name = ioMeme;
			productName = ioMeme;
			productReference = 54289F73201254140032A063 /* ioMeme.app */;
			productType = "com.apple.product-type.application";
		};
/* End PBXNativeTarget section */

/* Begin PBXProject section */
		54289F6B201254140032A063 /* Project object */ = {
			isa = PBXProject;
			attributes = {
				LastSwiftUpdateCheck = 0910;
				LastUpgradeCheck = 0910;
				ORGANIZATIONNAME = "Andre Rosa";
				TargetAttributes = {
					54289F72201254140032A063 = {
						CreatedOnToolsVersion = 9.1;
						ProvisioningStyle = Automatic;
					};
				};
			};
			buildConfigurationList = 54289F6E201254140032A063 /* Build configuration list for PBXProject "ioMeme" */;
			compatibilityVersion = "Xcode 8.0";
			developmentRegion = en;
			hasScannedForEncodings = 0;
			knownRegions = (
				en,
				Base,
			);
			mainGroup = 54289F6A201254140032A063;
			productRefGroup = 54289F74201254140032A063 /* Products */;
			projectDirPath = "";
			projectRoot = "";
			targets = (
				54289F72201254140032A063 /* ioMeme */,
			);
		};
/* End PBXProject section */

/* Begin PBXResourcesBuildPhase section */
		54289F71201254140032A063 /* Resources */ = {
			isa = PBXResourcesBuildPhase;
			buildActionMask = 2147483647;
			files = (
				544A68E02050BD6400451DDF /* EmptyTablePlaceholder.xib in Resources */,
				54289F81201254150032A063 /* LaunchScreen.storyboard in Resources */,
				54289F7E201254150032A063 /* Assets.xcassets in Resources */,
				54289F7C201254150032A063 /* Main.storyboard in Resources */,
			);
			runOnlyForDeploymentPostprocessing = 0;
		};
/* End PBXResourcesBuildPhase section */

/* Begin PBXSourcesBuildPhase section */
		54289F6F201254140032A063 /* Sources */ = {
			isa = PBXSourcesBuildPhase;
			buildActionMask = 2147483647;
			files = (
				54DE75DD201A29C3003567AA /* ViewKeyboardHandler.swift in Sources */,
				5450C1E9203B958F008C519C /* RoundedImage.swift in Sources */,
				54FD1E5D203E429000AB5A09 /* SentMemesCVC.swift in Sources */,
				54DE75DA2018D5AA003567AA /* FontMeme.swift in Sources */,
				54169965203F279B00881401 /* BlurView.swift in Sources */,
				548881CC2047A1ED00DD0E15 /* Constants.swift in Sources */,
				5416995F203EDE0600881401 /* ShadowView.swift in Sources */,
				5416219C202B4F0300694D61 /* Meme.swift in Sources */,
				547FF5742041A5FE007BA3CE /* CornerView.swift in Sources */,
				54DE75E0201B7C8F003567AA /* TextFieldDelegate.swift in Sources */,
				54289F79201254140032A063 /* MemeMainVC.swift in Sources */,
				5450C1ED203E34FF008C519C /* SentMemesTVC.swift in Sources */,
				548881CA20470FB400DD0E15 /* MemeCollectionCell.swift in Sources */,
				54743D4F2050DECF0066659D /* MemeDetailVC.swift in Sources */,
				548881C620470F6500DD0E15 /* MemeTableCell.swift in Sources */,
				54289F77201254140032A063 /* AppDelegate.swift in Sources */,
			);
			runOnlyForDeploymentPostprocessing = 0;
		};
/* End PBXSourcesBuildPhase section */

/* Begin PBXVariantGroup section */
		54289F7A201254150032A063 /* Main.storyboard */ = {
			isa = PBXVariantGroup;
			children = (
				54289F7B201254150032A063 /* Base */,
			);
			name = Main.storyboard;
			sourceTree = "<group>";
		};
		54289F7F201254150032A063 /* LaunchScreen.storyboard */ = {
			isa = PBXVariantGroup;
			children = (
				54289F80201254150032A063 /* Base */,
			);
			name = LaunchScreen.storyboard;
			sourceTree = "<group>";
		};
/* End PBXVariantGroup section */

/* Begin XCBuildConfiguration section */
		54289F83201254150032A063 /* Debug */ = {
			isa = XCBuildConfiguration;
			buildSettings = {
				ALWAYS_SEARCH_USER_PATHS = NO;
				CLANG_ANALYZER_NONNULL = YES;
				CLANG_ANALYZER_NUMBER_OBJECT_CONVERSION = YES_AGGRESSIVE;
				CLANG_CXX_LANGUAGE_STANDARD = "gnu++14";
				CLANG_CXX_LIBRARY = "libc++";
				CLANG_ENABLE_MODULES = YES;
				CLANG_ENABLE_OBJC_ARC = YES;
				CLANG_WARN_BLOCK_CAPTURE_AUTORELEASING = YES;
				CLANG_WARN_BOOL_CONVERSION = YES;
				CLANG_WARN_COMMA = YES;
				CLANG_WARN_CONSTANT_CONVERSION = YES;
				CLANG_WARN_DIRECT_OBJC_ISA_USAGE = YES_ERROR;
				CLANG_WARN_DOCUMENTATION_COMMENTS = YES;
				CLANG_WARN_EMPTY_BODY = YES;
				CLANG_WARN_ENUM_CONVERSION = YES;
				CLANG_WARN_INFINITE_RECURSION = YES;
				CLANG_WARN_INT_CONVERSION = YES;
				CLANG_WARN_NON_LITERAL_NULL_CONVERSION = YES;
				CLANG_WARN_OBJC_LITERAL_CONVERSION = YES;
				CLANG_WARN_OBJC_ROOT_CLASS = YES_ERROR;
				CLANG_WARN_RANGE_LOOP_ANALYSIS = YES;
				CLANG_WARN_STRICT_PROTOTYPES = YES;
				CLANG_WARN_SUSPICIOUS_MOVE = YES;
				CLANG_WARN_UNGUARDED_AVAILABILITY = YES_AGGRESSIVE;
				CLANG_WARN_UNREACHABLE_CODE = YES;
				CLANG_WARN__DUPLICATE_METHOD_MATCH = YES;
				CODE_SIGN_IDENTITY = "iPhone Developer";
				COPY_PHASE_STRIP = NO;
				DEBUG_INFORMATION_FORMAT = dwarf;
				ENABLE_STRICT_OBJC_MSGSEND = YES;
				ENABLE_TESTABILITY = YES;
				GCC_C_LANGUAGE_STANDARD = gnu11;
				GCC_DYNAMIC_NO_PIC = NO;
				GCC_NO_COMMON_BLOCKS = YES;
				GCC_OPTIMIZATION_LEVEL = 0;
				GCC_PREPROCESSOR_DEFINITIONS = (
					"DEBUG=1",
					"$(inherited)",
				);
				GCC_WARN_64_TO_32_BIT_CONVERSION = YES;
				GCC_WARN_ABOUT_RETURN_TYPE = YES_ERROR;
				GCC_WARN_UNDECLARED_SELECTOR = YES;
				GCC_WARN_UNINITIALIZED_AUTOS = YES_AGGRESSIVE;
				GCC_WARN_UNUSED_FUNCTION = YES;
				GCC_WARN_UNUSED_VARIABLE = YES;
				IPHONEOS_DEPLOYMENT_TARGET = 11.1;
				MTL_ENABLE_DEBUG_INFO = YES;
				ONLY_ACTIVE_ARCH = YES;
				SDKROOT = iphoneos;
				SWIFT_ACTIVE_COMPILATION_CONDITIONS = DEBUG;
				SWIFT_OPTIMIZATION_LEVEL = "-Onone";
			};
			name = Debug;
		};
		54289F84201254150032A063 /* Release */ = {
			isa = XCBuildConfiguration;
			buildSettings = {
				ALWAYS_SEARCH_USER_PATHS = NO;
				CLANG_ANALYZER_NONNULL = YES;
				CLANG_ANALYZER_NUMBER_OBJECT_CONVERSION = YES_AGGRESSIVE;
				CLANG_CXX_LANGUAGE_STANDARD = "gnu++14";
				CLANG_CXX_LIBRARY = "libc++";
				CLANG_ENABLE_MODULES = YES;
				CLANG_ENABLE_OBJC_ARC = YES;
				CLANG_WARN_BLOCK_CAPTURE_AUTORELEASING = YES;
				CLANG_WARN_BOOL_CONVERSION = YES;
				CLANG_WARN_COMMA = YES;
				CLANG_WARN_CONSTANT_CONVERSION = YES;
				CLANG_WARN_DIRECT_OBJC_ISA_USAGE = YES_ERROR;
				CLANG_WARN_DOCUMENTATION_COMMENTS = YES;
				CLANG_WARN_EMPTY_BODY = YES;
				CLANG_WARN_ENUM_CONVERSION = YES;
				CLANG_WARN_INFINITE_RECURSION = YES;
				CLANG_WARN_INT_CONVERSION = YES;
				CLANG_WARN_NON_LITERAL_NULL_CONVERSION = YES;
				CLANG_WARN_OBJC_LITERAL_CONVERSION = YES;
				CLANG_WARN_OBJC_ROOT_CLASS = YES_ERROR;
				CLANG_WARN_RANGE_LOOP_ANALYSIS = YES;
				CLANG_WARN_STRICT_PROTOTYPES = YES;
				CLANG_WARN_SUSPICIOUS_MOVE = YES;
				CLANG_WARN_UNGUARDED_AVAILABILITY = YES_AGGRESSIVE;
				CLANG_WARN_UNREACHABLE_CODE = YES;
				CLANG_WARN__DUPLICATE_METHOD_MATCH = YES;
				CODE_SIGN_IDENTITY = "iPhone Developer";
				COPY_PHASE_STRIP = NO;
				DEBUG_INFORMATION_FORMAT = "dwarf-with-dsym";
				ENABLE_NS_ASSERTIONS = NO;
				ENABLE_STRICT_OBJC_MSGSEND = YES;
				GCC_C_LANGUAGE_STANDARD = gnu11;
				GCC_NO_COMMON_BLOCKS = YES;
				GCC_WARN_64_TO_32_BIT_CONVERSION = YES;
				GCC_WARN_ABOUT_RETURN_TYPE = YES_ERROR;
				GCC_WARN_UNDECLARED_SELECTOR = YES;
				GCC_WARN_UNINITIALIZED_AUTOS = YES_AGGRESSIVE;
				GCC_WARN_UNUSED_FUNCTION = YES;
				GCC_WARN_UNUSED_VARIABLE = YES;
				IPHONEOS_DEPLOYMENT_TARGET = 11.1;
				MTL_ENABLE_DEBUG_INFO = NO;
				SDKROOT = iphoneos;
				SWIFT_OPTIMIZATION_LEVEL = "-Owholemodule";
				VALIDATE_PRODUCT = YES;
			};
			name = Release;
		};
		54289F86201254150032A063 /* Debug */ = {
			isa = XCBuildConfiguration;
			buildSettings = {
				ASSETCATALOG_COMPILER_APPICON_NAME = AppIcon;
				CODE_SIGN_STYLE = Automatic;
				DEVELOPMENT_TEAM = K27EE7EUGC;
				INFOPLIST_FILE = ioMeme/Info.plist;
				LD_RUNPATH_SEARCH_PATHS = "$(inherited) @executable_path/Frameworks";
				PRODUCT_BUNDLE_IDENTIFIER = com.andre.ioMeme;
				PRODUCT_NAME = "$(TARGET_NAME)";
				SWIFT_VERSION = 4.0;
				TARGETED_DEVICE_FAMILY = "1,2";
			};
			name = Debug;
		};
		54289F87201254150032A063 /* Release */ = {
			isa = XCBuildConfiguration;
			buildSettings = {
				ASSETCATALOG_COMPILER_APPICON_NAME = AppIcon;
				CODE_SIGN_STYLE = Automatic;
				DEVELOPMENT_TEAM = K27EE7EUGC;
				INFOPLIST_FILE = ioMeme/Info.plist;
				LD_RUNPATH_SEARCH_PATHS = "$(inherited) @executable_path/Frameworks";
				PRODUCT_BUNDLE_IDENTIFIER = com.andre.ioMeme;
				PRODUCT_NAME = "$(TARGET_NAME)";
				SWIFT_VERSION = 4.0;
				TARGETED_DEVICE_FAMILY = "1,2";
			};
			name = Release;
		};
/* End XCBuildConfiguration section */

/* Begin XCConfigurationList section */
		54289F6E201254140032A063 /* Build configuration list for PBXProject "ioMeme" */ = {
			isa = XCConfigurationList;
			buildConfigurations = (
				54289F83201254150032A063 /* Debug */,
				54289F84201254150032A063 /* Release */,
			);
			defaultConfigurationIsVisible = 0;
			defaultConfigurationName = Release;
		};
		54289F85201254150032A063 /* Build configuration list for PBXNativeTarget "ioMeme" */ = {
			isa = XCConfigurationList;
			buildConfigurations = (
				54289F86201254150032A063 /* Debug */,
				54289F87201254150032A063 /* Release */,
			);
			defaultConfigurationIsVisible = 0;
			defaultConfigurationName = Release;
		};
/* End XCConfigurationList section */
	};
	rootObject = 54289F6B201254140032A063 /* Project object */;
}
